
Microsoft Visual Studio Solution File, Format Version 12.00
# Visual Studio 15
VisualStudioVersion = 15.0.26403.7
MinimumVisualStudioVersion = 10.0.40219.1
Project("{D954291E-2A0B-460D-934E-DC6B0785DB48}") = "ReviewProj", "ReviewProj\ReviewProj.shproj", "{15AEC7A3-6280-4980-82F0-8E9E9683EDEC}"
EndProject
Project("{FAE04EC0-301F-11D3-BF4B-00C04F79EFBC}") = "ReviewProj.Domain", "ReviewProj.Domain\ReviewProj.Domain.csproj", "{45824288-D8DC-4E13-95CB-BD89BBB60976}"
EndProject
Project("{FAE04EC0-301F-11D3-BF4B-00C04F79EFBC}") = "ReviewProj.WebUI", "ReviewProj.WebUI\ReviewProj.WebUI.csproj", "{DB5A6D7C-C754-4DA9-BD11-EE0D9185EFBE}"
EndProject
Project("{FAE04EC0-301F-11D3-BF4B-00C04F79EFBC}") = "ReviewProj.UnitTests", "ReviewProj.UnitTests\ReviewProj.UnitTests.csproj", "{A7203DBA-0C9D-4D88-B6BB-EF57F1C03F79}"
EndProject
Global
	GlobalSection(SharedMSBuildProjectFiles) = preSolution
		ReviewProj\ReviewProj.projitems*{15aec7a3-6280-4980-82f0-8e9e9683edec}*SharedItemsImports = 13
	EndGlobalSection
	GlobalSection(SolutionConfigurationPlatforms) = preSolution
		Debug|Any CPU = Debug|Any CPU
		Release|Any CPU = Release|Any CPU
	EndGlobalSection
	GlobalSection(ProjectConfigurationPlatforms) = postSolution
		{45824288-D8DC-4E13-95CB-BD89BBB60976}.Debug|Any CPU.ActiveCfg = Debug|Any CPU
		{45824288-D8DC-4E13-95CB-BD89BBB60976}.Debug|Any CPU.Build.0 = Debug|Any CPU
		{45824288-D8DC-4E13-95CB-BD89BBB60976}.Release|Any CPU.ActiveCfg = Release|Any CPU
		{45824288-D8DC-4E13-95CB-BD89BBB60976}.Release|Any CPU.Build.0 = Release|Any CPU
		{DB5A6D7C-C754-4DA9-BD11-EE0D9185EFBE}.Debug|Any CPU.ActiveCfg = Debug|Any CPU
		{DB5A6D7C-C754-4DA9-BD11-EE0D9185EFBE}.Debug|Any CPU.Build.0 = Debug|Any CPU
		{DB5A6D7C-C754-4DA9-BD11-EE0D9185EFBE}.Release|Any CPU.ActiveCfg = Release|Any CPU
		{DB5A6D7C-C754-4DA9-BD11-EE0D9185EFBE}.Release|Any CPU.Build.0 = Release|Any CPU
		{A7203DBA-0C9D-4D88-B6BB-EF57F1C03F79}.Debug|Any CPU.ActiveCfg = Debug|Any CPU
		{A7203DBA-0C9D-4D88-B6BB-EF57F1C03F79}.Debug|Any CPU.Build.0 = Debug|Any CPU
		{A7203DBA-0C9D-4D88-B6BB-EF57F1C03F79}.Release|Any CPU.ActiveCfg = Release|Any CPU
		{A7203DBA-0C9D-4D88-B6BB-EF57F1C03F79}.Release|Any CPU.Build.0 = Release|Any CPU
	EndGlobalSection
	GlobalSection(SolutionProperties) = preSolution
		HideSolutionNode = FALSE
	EndGlobalSection
EndGlobal
